// !$*UTF8*$!
{
	archiveVersion = 1;
	classes = {
	};
	objectVersion = 46;
	objects = {

/* Begin PBXBuildFile section */
		A0D855351D0C757100758780 /* AppDelegate.swift in Sources */ = {isa = PBXBuildFile; fileRef = A0D855341D0C757100758780 /* AppDelegate.swift */; };
		A0D855371D0C757100758780 /* ViewController.swift in Sources */ = {isa = PBXBuildFile; fileRef = A0D855361D0C757100758780 /* ViewController.swift */; };
		A0D8553A1D0C757200758780 /* Main.storyboard in Resources */ = {isa = PBXBuildFile; fileRef = A0D855381D0C757200758780 /* Main.storyboard */; };
		A0D8553C1D0C757200758780 /* Assets.xcassets in Resources */ = {isa = PBXBuildFile; fileRef = A0D8553B1D0C757200758780 /* Assets.xcassets */; };
		A0D8553F1D0C757200758780 /* LaunchScreen.storyboard in Resources */ = {isa = PBXBuildFile; fileRef = A0D8553D1D0C757200758780 /* LaunchScreen.storyboard */; };
/* End PBXBuildFile section */

/* Begin PBXFileReference section */
		A0D855311D0C757000758780 /* Current-Weather.app */ = {isa = PBXFileReference; explicitFileType = wrapper.application; includeInIndex = 0; path = "Current-Weather.app"; sourceTree = BUILT_PRODUCTS_DIR; };
		A0D855341D0C757100758780 /* AppDelegate.swift */ = {isa = PBXFileReference; lastKnownFileType = sourcecode.swift; path = AppDelegate.swift; sourceTree = "<group>"; };
		A0D855361D0C757100758780 /* ViewController.swift */ = {isa = PBXFileReference; lastKnownFileType = sourcecode.swift; path = ViewController.swift; sourceTree = "<group>"; };
		A0D855391D0C757200758780 /* Base */ = {isa = PBXFileReference; lastKnownFileType = file.storyboard; name = Base; path = Base.lproj/Main.storyboard; sourceTree = "<group>"; };
		A0D8553B1D0C757200758780 /* Assets.xcassets */ = {isa = PBXFileReference; lastKnownFileType = folder.assetcatalog; path = Assets.xcassets; sourceTree = "<group>"; };
		A0D8553E1D0C757200758780 /* Base */ = {isa = PBXFileReference; lastKnownFileType = file.storyboard; name = Base; path = Base.lproj/LaunchScreen.storyboard; sourceTree = "<group>"; };
		A0D855401D0C757200758780 /* Info.plist */ = {isa = PBXFileReference; lastKnownFileType = text.plist.xml; path = Info.plist; sourceTree = "<group>"; };
/* End PBXFileReference section */

/* Begin PBXFrameworksBuildPhase section */
		A0D8552E1D0C757000758780 /* Frameworks */ = {
			isa = PBXFrameworksBuildPhase;
			buildActionMask = 2147483647;
			files = (
			);
			runOnlyForDeploymentPostprocessing = 0;
		};
/* End PBXFrameworksBuildPhase section */

/* Begin PBXGroup section */
		A0D855281D0C757000758780 = {
			isa = PBXGroup;
			children = (
				A0D855331D0C757100758780 /* Current-Weather */,
				A0D855321D0C757000758780 /* Products */,
			);
			sourceTree = "<group>";
		};
		A0D855321D0C757000758780 /* Products */ = {
			isa = PBXGroup;
			children = (
				A0D855311D0C757000758780 /* Current-Weather.app */,
			);
			name = Products;
			sourceTree = "<group>";
		};
		A0D855331D0C757100758780 /* Current-Weather */ = {
			isa = PBXGroup;
			children = (
				A0D855341D0C757100758780 /* AppDelegate.swift */,
				A0D855361D0C757100758780 /* ViewController.swift */,
				A0D855381D0C757200758780 /* Main.storyboard */,
				A0D8553B1D0C757200758780 /* Assets.xcassets */,
				A0D8553D1D0C757200758780 /* LaunchScreen.storyboard */,
				A0D855401D0C757200758780 /* Info.plist */,
			);
			path = "Current-Weather";
			sourceTree = "<group>";
		};
/* End PBXGroup section */

/* Begin PBXNativeTarget section */
		A0D855301D0C757000758780 /* Current-Weather */ = {
			isa = PBXNativeTarget;
			buildConfigurationList = A0D855431D0C757200758780 /* Build configuration list for PBXNativeTarget "Current-Weather" */;
			buildPhases = (
				A0D8552D1D0C757000758780 /* Sources */,
				A0D8552E1D0C757000758780 /* Frameworks */,
				A0D8552F1D0C757000758780 /* Resources */,
			);
			buildRules = (
			);
			dependencies = (
			);
			name = "Current-Weather";
			productName = "Current-Weather";
			productReference = A0D855311D0C757000758780 /* Current-Weather.app */;
			productType = "com.apple.product-type.application";
		};
/* End PBXNativeTarget section */

/* Begin PBXProject section */
		A0D855291D0C757000758780 /* Project object */ = {
			isa = PBXProject;
			attributes = {
				LastSwiftUpdateCheck = 0730;
				LastUpgradeCheck = 0730;
				ORGANIZATIONNAME = "Abhishek H P";
				TargetAttributes = {
					A0D855301D0C757000758780 = {
						CreatedOnToolsVersion = 7.3.1;
						DevelopmentTeam = XZLS43B666;
					};
				};
			};
			buildConfigurationList = A0D8552C1D0C757000758780 /* Build configuration list for PBXProject "Current-Weather" */;
			compatibilityVersion = "Xcode 3.2";
			developmentRegion = English;
			hasScannedForEncodings = 0;
			knownRegions = (
				en,
				Base,
			);
			mainGroup = A0D855281D0C757000758780;
			productRefGroup = A0D855321D0C757000758780 /* Products */;
			projectDirPath = "";
			projectRoot = "";
			targets = (
				A0D855301D0C757000758780 /* Current-Weather */,
			);
		};
/* End PBXProject section */

/* Begin PBXResourcesBuildPhase section */
		A0D8552F1D0C757000758780 /* Resources */ = {
			isa = PBXResourcesBuildPhase;
			buildActionMask = 2147483647;
			files = (
				A0D8553F1D0C757200758780 /* LaunchScreen.storyboard in Resources */,
				A0D8553C1D0C757200758780 /* Assets.xcassets in Resources */,
				A0D8553A1D0C757200758780 /* Main.storyboard in Resources */,
			);
			runOnlyForDeploymentPostprocessing = 0;
		};
/* End PBXResourcesBuildPhase section */

/* Begin PBXSourcesBuildPhase section */
		A0D8552D1D0C757000758780 /* Sources */ = {
			isa = PBXSourcesBuildPhase;
			buildActionMask = 2147483647;
			files = (
				A0D855371D0C757100758780 /* ViewController.swift in Sources */,
				A0D855351D0C757100758780 /* AppDelegate.swift in Sources */,
			);
			runOnlyForDeploymentPostprocessing = 0;
		};
/* End PBXSourcesBuildPhase section */

/* Begin PBXVariantGroup section */
		A0D855381D0C757200758780 /* Main.storyboard */ = {
			isa = PBXVariantGroup;
			children = (
				A0D855391D0C757200758780 /* Base */,
			);
			name = Main.storyboard;
			sourceTree = "<group>";
		};
		A0D8553D1D0C757200758780 /* LaunchScreen.storyboard */ = {
			isa = PBXVariantGroup;
			children = (
				A0D8553E1D0C757200758780 /* Base */,
			);
			name = LaunchScreen.storyboard;
			sourceTree = "<group>";
		};
/* End PBXVariantGroup section */

/* Begin XCBuildConfiguration section */
		A0D855411D0C757200758780 /* Debug */ = {
			isa = XCBuildConfiguration;
			buildSettings = {
				ALWAYS_SEARCH_USER_PATHS = NO;
				CLANG_ANALYZER_NONNULL = YES;
				CLANG_CXX_LANGUAGE_STANDARD = "gnu++0x";
				CLANG_CXX_LIBRARY = "libc++";
				CLANG_ENABLE_MODULES = YES;
				CLANG_ENABLE_OBJC_ARC = YES;
				CLANG_WARN_BOOL_CONVERSION = YES;
				CLANG_WARN_CONSTANT_CONVERSION = YES;
				CLANG_WARN_DIRECT_OBJC_ISA_USAGE = YES_ERROR;
				CLANG_WARN_EMPTY_BODY = YES;
				CLANG_WARN_ENUM_CONVERSION = YES;
				CLANG_WARN_INT_CONVERSION = YES;
				CLANG_WARN_OBJC_ROOT_CLASS = YES_ERROR;
				CLANG_WARN_UNREACHABLE_CODE = YES;
				CLANG_WARN__DUPLICATE_METHOD_MATCH = YES;
				"CODE_SIGN_IDENTITY[sdk=iphoneos*]" = "iPhone Developer";
				COPY_PHASE_STRIP = NO;
				DEBUG_INFORMATION_FORMAT = dwarf;
				ENABLE_STRICT_OBJC_MSGSEND = YES;
				ENABLE_TESTABILITY = YES;
				GCC_C_LANGUAGE_STANDARD = gnu99;
				GCC_DYNAMIC_NO_PIC = NO;
				GCC_NO_COMMON_BLOCKS = YES;
				GCC_OPTIMIZATION_LEVEL = 0;
				GCC_PREPROCESSOR_DEFINITIONS = (
					"DEBUG=1",
					"$(inherited)",
				);
				GCC_WARN_64_TO_32_BIT_CONVERSION = YES;
				GCC_WARN_ABOUT_RETURN_TYPE = YES_ERROR;
				GCC_WARN_UNDECLARED_SELECTOR = YES;
				GCC_WARN_UNINITIALIZED_AUTOS = YES_AGGRESSIVE;
				GCC_WARN_UNUSED_FUNCTION = YES;
				GCC_WARN_UNUSED_VARIABLE = YES;
				IPHONEOS_DEPLOYMENT_TARGET = 9.3;
				MTL_ENABLE_DEBUG_INFO = YES;
				ONLY_ACTIVE_ARCH = YES;
				SDKROOT = iphoneos;
				SWIFT_OPTIMIZATION_LEVEL = "-Onone";
			};
			name = Debug;
		};
		A0D855421D0C757200758780 /* Release */ = {
			isa = XCBuildConfiguration;
			buildSettings = {
				ALWAYS_SEARCH_USER_PATHS = NO;
				CLANG_ANALYZER_NONNULL = YES;
				CLANG_CXX_LANGUAGE_STANDARD = "gnu++0x";
				CLANG_CXX_LIBRARY = "libc++";
				CLANG_ENABLE_MODULES = YES;
				CLANG_ENABLE_OBJC_ARC = YES;
				CLANG_WARN_BOOL_CONVERSION = YES;
				CLANG_WARN_CONSTANT_CONVERSION = YES;
				CLANG_WARN_DIRECT_OBJC_ISA_USAGE = YES_ERROR;
				CLANG_WARN_EMPTY_BODY = YES;
				CLANG_WARN_ENUM_CONVERSION = YES;
				CLANG_WARN_INT_CONVERSION = YES;
				CLANG_WARN_OBJC_ROOT_CLASS = YES_ERROR;
				CLANG_WARN_UNREACHABLE_CODE = YES;
				CLANG_WARN__DUPLICATE_METHOD_MATCH = YES;
				"CODE_SIGN_IDENTITY[sdk=iphoneos*]" = "iPhone Developer";
				COPY_PHASE_STRIP = NO;
				DEBUG_INFORMATION_FORMAT = "dwarf-with-dsym";
				ENABLE_NS_ASSERTIONS = NO;
				ENABLE_STRICT_OBJC_MSGSEND = YES;
				GCC_C_LANGUAGE_STANDARD = gnu99;
				GCC_NO_COMMON_BLOCKS = YES;
				GCC_WARN_64_TO_32_BIT_CONVERSION = YES;
				GCC_WARN_ABOUT_RETURN_TYPE = YES_ERROR;
				GCC_WARN_UNDECLARED_SELECTOR = YES;
				GCC_WARN_UNINITIALIZED_AUTOS = YES_AGGRESSIVE;
				GCC_WARN_UNUSED_FUNCTION = YES;
				GCC_WARN_UNUSED_VARIABLE = YES;
				IPHONEOS_DEPLOYMENT_TARGET = 9.3;
				MTL_ENABLE_DEBUG_INFO = NO;
				SDKROOT = iphoneos;
				VALIDATE_PRODUCT = YES;
			};
			name = Release;
		};
		A0D855441D0C757200758780 /* Debug */ = {
			isa = XCBuildConfiguration;
			buildSettings = {
				ASSETCATALOG_COMPILER_APPICON_NAME = AppIcon;
				INFOPLIST_FILE = "Current-Weather/Info.plist";
				LD_RUNPATH_SEARCH_PATHS = "$(inherited) @executable_path/Frameworks";
				PRODUCT_BUNDLE_IDENTIFIER = "com.abs.Current-Weather";
				PRODUCT_NAME = "$(TARGET_NAME)";
			};
			name = Debug;
		};
		A0D855451D0C757200758780 /* Release */ = {
			isa = XCBuildConfiguration;
			buildSettings = {
				ASSETCATALOG_COMPILER_APPICON_NAME = AppIcon;
				INFOPLIST_FILE = "Current-Weather/Info.plist";
				LD_RUNPATH_SEARCH_PATHS = "$(inherited) @executable_path/Frameworks";
				PRODUCT_BUNDLE_IDENTIFIER = "com.abs.Current-Weather";
				PRODUCT_NAME = "$(TARGET_NAME)";
			};
			name = Release;
		};
/* End XCBuildConfiguration section */

/* Begin XCConfigurationList section */
		A0D8552C1D0C757000758780 /* Build configuration list for PBXProject "Current-Weather" */ = {
			isa = XCConfigurationList;
			buildConfigurations = (
				A0D855411D0C757200758780 /* Debug */,
				A0D855421D0C757200758780 /* Release */,
			);
			defaultConfigurationIsVisible = 0;
			defaultConfigurationName = Release;
		};
		A0D855431D0C757200758780 /* Build configuration list for PBXNativeTarget "Current-Weather" */ = {
			isa = XCConfigurationList;
			buildConfigurations = (
				A0D855441D0C757200758780 /* Debug */,
				A0D855451D0C757200758780 /* Release */,
			);
			defaultConfigurationIsVisible = 0;
		};
/* End XCConfigurationList section */
	};
	rootObject = A0D855291D0C757000758780 /* Project object */;
}
